
Microsoft Visual Studio Solution File, Format Version 12.00
# Visual Studio Version 16
VisualStudioVersion = 16.0.30608.117
MinimumVisualStudioVersion = 10.0.40219.1
Project("{2150E333-8FDC-42A3-9474-1A3956D46DE8}") = "Gateway", "Gateway", "{23E5EBFF-0073-49F2-B4C6-4F633A007C1E}"
EndProject
Project("{9A19103F-16F7-4668-BE54-9A1E7A4F7556}") = "Dawit.API", "Gateway\Dawit.API\Dawit.API.csproj", "{80FE0F63-929A-4102-87CA-49C56E5DD250}"
EndProject
Project("{9A19103F-16F7-4668-BE54-9A1E7A4F7556}") = "Dawit.Domain", "Gateway\Dawit.Domain\Dawit.Domain.csproj", "{AFFDA496-A9BC-4261-8B16-ADC335F8EDF4}"
EndProject
Project("{9A19103F-16F7-4668-BE54-9A1E7A4F7556}") = "Dawit.Infrastructure", "Gateway\Dawit.Infrastructure\Dawit.Infrastructure.csproj", "{A0754923-9196-48AE-922F-4C936A0AD818}"
EndProject
Project("{E53339B2-1760-4266-BCC7-CA923CBCF16C}") = "docker-compose", "docker-compose.dcproj", "{7055F73F-B19D-44B5-B9B4-D25C67C0EA2C}"
EndProject
Project("{FAE04EC0-301F-11D3-BF4B-00C04F79EFBC}") = "Dawit.Tests", "Gateway\Dawit.Tests\Dawit.Tests.csproj", "{7A6E50D8-77B0-46DD-AE40-62ED1F9B5CE5}"
EndProject
Global
	GlobalSection(SolutionConfigurationPlatforms) = preSolution
		Debug|Any CPU = Debug|Any CPU
		Release|Any CPU = Release|Any CPU
	EndGlobalSection
	GlobalSection(ProjectConfigurationPlatforms) = postSolution
		{80FE0F63-929A-4102-87CA-49C56E5DD250}.Debug|Any CPU.ActiveCfg = Debug|Any CPU
		{80FE0F63-929A-4102-87CA-49C56E5DD250}.Debug|Any CPU.Build.0 = Debug|Any CPU
		{80FE0F63-929A-4102-87CA-49C56E5DD250}.Release|Any CPU.ActiveCfg = Release|Any CPU
		{80FE0F63-929A-4102-87CA-49C56E5DD250}.Release|Any CPU.Build.0 = Release|Any CPU
		{AFFDA496-A9BC-4261-8B16-ADC335F8EDF4}.Debug|Any CPU.ActiveCfg = Debug|Any CPU
		{AFFDA496-A9BC-4261-8B16-ADC335F8EDF4}.Debug|Any CPU.Build.0 = Debug|Any CPU
		{AFFDA496-A9BC-4261-8B16-ADC335F8EDF4}.Release|Any CPU.ActiveCfg = Release|Any CPU
		{AFFDA496-A9BC-4261-8B16-ADC335F8EDF4}.Release|Any CPU.Build.0 = Release|Any CPU
		{A0754923-9196-48AE-922F-4C936A0AD818}.Debug|Any CPU.ActiveCfg = Debug|Any CPU
		{A0754923-9196-48AE-922F-4C936A0AD818}.Debug|Any CPU.Build.0 = Debug|Any CPU
		{A0754923-9196-48AE-922F-4C936A0AD818}.Release|Any CPU.ActiveCfg = Release|Any CPU
		{A0754923-9196-48AE-922F-4C936A0AD818}.Release|Any CPU.Build.0 = Release|Any CPU
		{7055F73F-B19D-44B5-B9B4-D25C67C0EA2C}.Debug|Any CPU.ActiveCfg = Debug|Any CPU
		{7055F73F-B19D-44B5-B9B4-D25C67C0EA2C}.Debug|Any CPU.Build.0 = Debug|Any CPU
		{7055F73F-B19D-44B5-B9B4-D25C67C0EA2C}.Release|Any CPU.ActiveCfg = Release|Any CPU
		{7055F73F-B19D-44B5-B9B4-D25C67C0EA2C}.Release|Any CPU.Build.0 = Release|Any CPU
		{7A6E50D8-77B0-46DD-AE40-62ED1F9B5CE5}.Debug|Any CPU.ActiveCfg = Debug|Any CPU
		{7A6E50D8-77B0-46DD-AE40-62ED1F9B5CE5}.Debug|Any CPU.Build.0 = Debug|Any CPU
		{7A6E50D8-77B0-46DD-AE40-62ED1F9B5CE5}.Release|Any CPU.ActiveCfg = Release|Any CPU
		{7A6E50D8-77B0-46DD-AE40-62ED1F9B5CE5}.Release|Any CPU.Build.0 = Release|Any CPU
	EndGlobalSection
	GlobalSection(SolutionProperties) = preSolution
		HideSolutionNode = FALSE
	EndGlobalSection
	GlobalSection(NestedProjects) = preSolution
		{80FE0F63-929A-4102-87CA-49C56E5DD250} = {23E5EBFF-0073-49F2-B4C6-4F633A007C1E}
		{AFFDA496-A9BC-4261-8B16-ADC335F8EDF4} = {23E5EBFF-0073-49F2-B4C6-4F633A007C1E}
		{A0754923-9196-48AE-922F-4C936A0AD818} = {23E5EBFF-0073-49F2-B4C6-4F633A007C1E}
		{7A6E50D8-77B0-46DD-AE40-62ED1F9B5CE5} = {23E5EBFF-0073-49F2-B4C6-4F633A007C1E}
	EndGlobalSection
	GlobalSection(ExtensibilityGlobals) = postSolution
		SolutionGuid = {0AB33DB0-9AC2-4744-B6BD-BC0A90AB674B}
	EndGlobalSection
EndGlobal
